
Microsoft Visual Studio Solution File, Format Version 12.00
# Visual Studio Version 17
VisualStudioVersion = 17.13.35825.156 d17.13
MinimumVisualStudioVersion = 10.0.40219.1
Project("{FAE04EC0-301F-11D3-BF4B-00C04F79EFBC}") = "Blog.API", "Blog.API\Blog.API.csproj", "{87D9D8E4-1AD9-496C-9890-6D70A638F0CA}"
EndProject
Project("{2150E333-8FDC-42A3-9474-1A3956D46DE8}") = "Core", "Core", "{02EA681E-C7D8-13C7-8484-4AC65E1B71E8}"
EndProject
Project("{2150E333-8FDC-42A3-9474-1A3956D46DE8}") = "Infrastructure", "Infrastructure", "{266E6946-9F9B-46EC-AD5C-106E2EF9DA27}"
EndProject
Project("{2150E333-8FDC-42A3-9474-1A3956D46DE8}") = "Presentation", "Presentation", "{F2B7F756-614B-43B6-970D-F67DB464F215}"
EndProject
Project("{FAE04EC0-301F-11D3-BF4B-00C04F79EFBC}") = "Blog.Domain", "Blog.Domain\Blog.Domain.csproj", "{15362439-D53A-4BBB-A523-14FE618FFE9D}"
EndProject
Project("{FAE04EC0-301F-11D3-BF4B-00C04F79EFBC}") = "Blog.Application", "Blog.Application\Blog.Application.csproj", "{6C6E82D5-AD7E-40FE-A79A-79924A732874}"
EndProject
Project("{FAE04EC0-301F-11D3-BF4B-00C04F79EFBC}") = "Blog.Persistence", "Blog.Persistence\Blog.Persistence.csproj", "{FF6EE8E6-BB33-4F77-98D2-CD0FDBF3A56E}"
EndProject
Project("{FAE04EC0-301F-11D3-BF4B-00C04F79EFBC}") = "Blog.Infrastructure", "Blog.Infrastructure\Blog.Infrastructure.csproj", "{A05A21FB-4693-4143-9853-04133B916469}"
EndProject
Global
	GlobalSection(SolutionConfigurationPlatforms) = preSolution
		Debug|Any CPU = Debug|Any CPU
		Release|Any CPU = Release|Any CPU
	EndGlobalSection
	GlobalSection(ProjectConfigurationPlatforms) = postSolution
		{87D9D8E4-1AD9-496C-9890-6D70A638F0CA}.Debug|Any CPU.ActiveCfg = Debug|Any CPU
		{87D9D8E4-1AD9-496C-9890-6D70A638F0CA}.Debug|Any CPU.Build.0 = Debug|Any CPU
		{87D9D8E4-1AD9-496C-9890-6D70A638F0CA}.Release|Any CPU.ActiveCfg = Release|Any CPU
		{87D9D8E4-1AD9-496C-9890-6D70A638F0CA}.Release|Any CPU.Build.0 = Release|Any CPU
		{15362439-D53A-4BBB-A523-14FE618FFE9D}.Debug|Any CPU.ActiveCfg = Debug|Any CPU
		{15362439-D53A-4BBB-A523-14FE618FFE9D}.Debug|Any CPU.Build.0 = Debug|Any CPU
		{15362439-D53A-4BBB-A523-14FE618FFE9D}.Release|Any CPU.ActiveCfg = Release|Any CPU
		{15362439-D53A-4BBB-A523-14FE618FFE9D}.Release|Any CPU.Build.0 = Release|Any CPU
		{6C6E82D5-AD7E-40FE-A79A-79924A732874}.Debug|Any CPU.ActiveCfg = Debug|Any CPU
		{6C6E82D5-AD7E-40FE-A79A-79924A732874}.Debug|Any CPU.Build.0 = Debug|Any CPU
		{6C6E82D5-AD7E-40FE-A79A-79924A732874}.Release|Any CPU.ActiveCfg = Release|Any CPU
		{6C6E82D5-AD7E-40FE-A79A-79924A732874}.Release|Any CPU.Build.0 = Release|Any CPU
		{FF6EE8E6-BB33-4F77-98D2-CD0FDBF3A56E}.Debug|Any CPU.ActiveCfg = Debug|Any CPU
		{FF6EE8E6-BB33-4F77-98D2-CD0FDBF3A56E}.Debug|Any CPU.Build.0 = Debug|Any CPU
		{FF6EE8E6-BB33-4F77-98D2-CD0FDBF3A56E}.Release|Any CPU.ActiveCfg = Release|Any CPU
		{FF6EE8E6-BB33-4F77-98D2-CD0FDBF3A56E}.Release|Any CPU.Build.0 = Release|Any CPU
		{A05A21FB-4693-4143-9853-04133B916469}.Debug|Any CPU.ActiveCfg = Debug|Any CPU
		{A05A21FB-4693-4143-9853-04133B916469}.Debug|Any CPU.Build.0 = Debug|Any CPU
		{A05A21FB-4693-4143-9853-04133B916469}.Release|Any CPU.ActiveCfg = Release|Any CPU
		{A05A21FB-4693-4143-9853-04133B916469}.Release|Any CPU.Build.0 = Release|Any CPU
	EndGlobalSection
	GlobalSection(SolutionProperties) = preSolution
		HideSolutionNode = FALSE
	EndGlobalSection
	GlobalSection(NestedProjects) = preSolution
		{87D9D8E4-1AD9-496C-9890-6D70A638F0CA} = {F2B7F756-614B-43B6-970D-F67DB464F215}
		{15362439-D53A-4BBB-A523-14FE618FFE9D} = {02EA681E-C7D8-13C7-8484-4AC65E1B71E8}
		{6C6E82D5-AD7E-40FE-A79A-79924A732874} = {02EA681E-C7D8-13C7-8484-4AC65E1B71E8}
		{FF6EE8E6-BB33-4F77-98D2-CD0FDBF3A56E} = {266E6946-9F9B-46EC-AD5C-106E2EF9DA27}
		{A05A21FB-4693-4143-9853-04133B916469} = {266E6946-9F9B-46EC-AD5C-106E2EF9DA27}
	EndGlobalSection
	GlobalSection(ExtensibilityGlobals) = postSolution
		SolutionGuid = {539AF1DC-8C08-406E-A7C9-CD184588EF79}
	EndGlobalSection
EndGlobal
